
Microsoft Visual Studio Solution File, Format Version 12.00
# Visual Studio Version 16
VisualStudioVersion = 16.0.31702.278
MinimumVisualStudioVersion = 10.0.40219.1
Project("{FAE04EC0-301F-11D3-BF4B-00C04F79EFBC}") = "ServerConfigMtk-P2-017", "ServerConfigMtk-P2-017\ServerConfigMtk-P2-017.csproj", "{4751C281-8B98-4E4E-A1A5-99B0D59BCA90}"
EndProject
Global
	GlobalSection(SolutionConfigurationPlatforms) = preSolution
		Debug|Any CPU = Debug|Any CPU
		Release|Any CPU = Release|Any CPU
	EndGlobalSection
	GlobalSection(ProjectConfigurationPlatforms) = postSolution
		{4751C281-8B98-4E4E-A1A5-99B0D59BCA90}.Debug|Any CPU.ActiveCfg = Debug|Any CPU
		{4751C281-8B98-4E4E-A1A5-99B0D59BCA90}.Debug|Any CPU.Build.0 = Debug|Any CPU
		{4751C281-8B98-4E4E-A1A5-99B0D59BCA90}.Release|Any CPU.ActiveCfg = Release|Any CPU
		{4751C281-8B98-4E4E-A1A5-99B0D59BCA90}.Release|Any CPU.Build.0 = Release|Any CPU
	EndGlobalSection
	GlobalSection(SolutionProperties) = preSolution
		HideSolutionNode = FALSE
	EndGlobalSection
	GlobalSection(ExtensibilityGlobals) = postSolution
		SolutionGuid = {CCCE0BE9-E5DA-4328-BFB9-0E01232A9295}
	EndGlobalSection
EndGlobal
